
Microsoft Visual Studio Solution File, Format Version 12.00
# Visual Studio Version 17
VisualStudioVersion = 17.0.32126.317
MinimumVisualStudioVersion = 10.0.40219.1
Project("{FAE04EC0-301F-11D3-BF4B-00C04F79EFBC}") = "Ирида", "Ирида\Ирида.csproj", "{81A5C493-B884-4EC3-B5AD-7181342FA303}"
EndProject
Global
	GlobalSection(SolutionConfigurationPlatforms) = preSolution
		Debug|Any CPU = Debug|Any CPU
		Release|Any CPU = Release|Any CPU
	EndGlobalSection
	GlobalSection(ProjectConfigurationPlatforms) = postSolution
		{81A5C493-B884-4EC3-B5AD-7181342FA303}.Debug|Any CPU.ActiveCfg = Debug|Any CPU
		{81A5C493-B884-4EC3-B5AD-7181342FA303}.Debug|Any CPU.Build.0 = Debug|Any CPU
		{81A5C493-B884-4EC3-B5AD-7181342FA303}.Release|Any CPU.ActiveCfg = Release|Any CPU
		{81A5C493-B884-4EC3-B5AD-7181342FA303}.Release|Any CPU.Build.0 = Release|Any CPU
	EndGlobalSection
	GlobalSection(SolutionProperties) = preSolution
		HideSolutionNode = FALSE
	EndGlobalSection
	GlobalSection(ExtensibilityGlobals) = postSolution
		SolutionGuid = {E24149B7-3F05-4025-9F64-A316C62983C2}
	EndGlobalSection
EndGlobal
